{
  "version": 4,
  "terraform_version": "1.13.5",
  "serial": 9,
  "lineage": "b9804e7f-dbfd-2302-efaa-22b9bdd72077",
  "outputs": {
    "cluster_endpoint": {
      "value": "https://09C228028373FBCBB0237EB0049F7B89.gr7.us-east-1.eks.amazonaws.com",
      "type": "string"
    },
    "cluster_name": {
      "value": "my_new_kubernetes",
      "type": "string"
    },
    "cluster_role_arn": {
      "value": "arn:aws:iam::665416441750:role/LabRole",
      "type": "string"
    }
  },
  "resources": [
    {
      "mode": "managed",
      "type": "aws_eks_cluster",
      "name": "my_cluster",
      "provider": "provider[\"registry.terraform.io/hashicorp/aws\"]",
      "instances": [
        {
          "schema_version": 1,
          "attributes": {
            "access_config": [
              {
                "authentication_mode": "CONFIG_MAP",
                "bootstrap_cluster_creator_admin_permissions": true
              }
            ],
            "arn": "arn:aws:eks:us-east-1:665416441750:cluster/my_new_kubernetes",
            "bootstrap_self_managed_addons": true,
            "certificate_authority": [
              {
                "data": "LS0tLS1CRUdJTiBDRVJUSUZJQ0FURS0tLS0tCk1JSURCVENDQWUyZ0F3SUJBZ0lJWWZMK0NZa1Bpck13RFFZSktvWklodmNOQVFFTEJRQXdGVEVUTUJFR0ExVUUKQXhNS2EzVmlaWEp1WlhSbGN6QWVGdzB5TlRFeU1ERXdPVFEzTlRSYUZ3MHpOVEV4TWprd09UVXlOVFJhTUJVeApFekFSQmdOVkJBTVRDbXQxWW1WeWJtVjBaWE13Z2dFaU1BMEdDU3FHU0liM0RRRUJBUVVBQTRJQkR3QXdnZ0VLCkFvSUJBUUM4R2VJYnVjM0phaUpvMGN1ZVVHNGg5N2tjTWV6NFVPczgyK2MzQWdTWFhYUVFRaEs1OFBORTlqT0MKenRpVXQ1cHV0Z2luTHNvYWdEQ3pmMG9SSGxIK0dZSmZHMnR0VjF0U1dkRVhiMndOK0luaFoyQUZWdHQ1Sm91dApFRHNsZVltaFJxTnNBTWVzd24zaGFIa00vRkdmcXBqTUVNaWV6VGZZcklFU3dzejdOTERnZ2V6bktWV0VOeHZkCmZLVVJtdENTSDFUckVjbjVvVTc4M21xYVVEVkFJVUIrL3hsNkZ0Q1pyREJIS3lqdkRMMTAwMkF3MmNXblRFVHkKWmswMG0vOHV4bVVZeC9ZZ0M3RUdhaEkzZDgxcXQxOVVBeFVmQ0FGbk5meTVRVHdGMmcxUld2QVBDQ2dzVjRWOQpBUHpWQUxtM2dsRUU0d0NoR1BZMHRoZndsTG05QWdNQkFBR2pXVEJYTUE0R0ExVWREd0VCL3dRRUF3SUNwREFQCkJnTlZIUk1CQWY4RUJUQURBUUgvTUIwR0ExVWREZ1FXQkJTd2tIRjBkenc5M1hRcnhTTDZRejkrQjJSR1F6QVYKQmdOVkhSRUVEakFNZ2dwcmRXSmxjbTVsZEdWek1BMEdDU3FHU0liM0RRRUJDd1VBQTRJQkFRQU15YjFXVzhlbgpYUEpJNm1pRVR3RG12UUxtQXpibFJkSUw2VStqcmQ0a2VxK1UrNzlaT2kzZUs1SG1VSkU3Zk1RKzJwL20zK0owCmlYNTlSL0hYMkJJYVJEWWYwUTFoRE5pVnZQaHl6WEFrTE1JdEMvUS9KK1B2c0VvZGtORG80L253dStDOFd2UXcKYWp6OElycXp3QlQxYXltaDlwRFJHVU5KeHFGYVZaclo2bks1NXdnRi9kdGx5eU4xdnJnZmZwV3pNQ3M2RFEvVQpFNXBoMUtHZ3NLanR0MU1NWUVqZkpXelVpQnptdkNSZ1VDMk1pSE8vYVExWDFBeWVWUTZEaThqTElZUUV0L3ZBCmk3OHFKZkI0OEkvWmJHbk1tSks3VjNGZitEc2VRYkJkM1kxOTdaSnkwdEY2aC9aY0Y1elE0Uk5EMDVwSnl1WTYKK2U5Y1RtQVlkVzZXCi0tLS0tRU5EIENFUlRJRklDQVRFLS0tLS0K"
              }
            ],
            "cluster_id": null,
            "compute_config": [
              {
                "enabled": false,
                "node_pools": [],
                "node_role_arn": ""
              }
            ],
            "control_plane_scaling_config": [
              {
                "tier": "standard"
              }
            ],
            "created_at": "2025-12-01T09:47:16Z",
            "deletion_protection": false,
            "enabled_cluster_log_types": null,
            "encryption_config": [],
            "endpoint": "https://09C228028373FBCBB0237EB0049F7B89.gr7.us-east-1.eks.amazonaws.com",
            "force_update_version": null,
            "id": "my_new_kubernetes",
            "identity": [
              {
                "oidc": [
                  {
                    "issuer": "https://oidc.eks.us-east-1.amazonaws.com/id/09C228028373FBCBB0237EB0049F7B89"
                  }
                ]
              }
            ],
            "kubernetes_network_config": [
              {
                "elastic_load_balancing": [
                  {
                    "enabled": false
                  }
                ],
                "ip_family": "ipv4",
                "service_ipv4_cidr": "10.100.0.0/16",
                "service_ipv6_cidr": ""
              }
            ],
            "name": "my_new_kubernetes",
            "outpost_config": [],
            "platform_version": "eks.54",
            "region": "us-east-1",
            "remote_network_config": [],
            "role_arn": "arn:aws:iam::665416441750:role/LabRole",
            "status": "ACTIVE",
            "storage_config": [
              {
                "block_storage": [
                  {
                    "enabled": false
                  }
                ]
              }
            ],
            "tags": null,
            "tags_all": {},
            "timeouts": null,
            "upgrade_policy": [
              {
                "support_type": "EXTENDED"
              }
            ],
            "version": "1.30",
            "vpc_config": [
              {
                "cluster_security_group_id": "sg-05b06eed434e60c79",
                "endpoint_private_access": false,
                "endpoint_public_access": true,
                "public_access_cidrs": [
                  "0.0.0.0/0"
                ],
                "security_group_ids": [
                  "sg-0241371c1680dfcb9"
                ],
                "subnet_ids": [
                  "subnet-088dc9ec627a525c4",
                  "subnet-0a17c215f65b17b80"
                ],
                "vpc_id": "vpc-089e1434497448ec4"
              }
            ],
            "zonal_shift_config": []
          },
          "sensitive_attributes": [],
          "identity_schema_version": 0,
          "private": "eyJlMmJmYjczMC1lY2FhLTExZTYtOGY4OC0zNDM2M2JjN2M0YzAiOnsiY3JlYXRlIjoxODAwMDAwMDAwMDAwLCJkZWxldGUiOjkwMDAwMDAwMDAwMCwidXBkYXRlIjozNjAwMDAwMDAwMDAwfSwic2NoZW1hX3ZlcnNpb24iOiIxIn0=",
          "dependencies": [
            "aws_security_group.eks_cluster_sg"
          ]
        }
      ]
    },
    {
      "mode": "managed",
      "type": "aws_eks_node_group",
      "name": "my_node_group",
      "provider": "provider[\"registry.terraform.io/hashicorp/aws\"]",
      "instances": [
        {
          "schema_version": 0,
          "attributes": {
            "ami_type": "AL2023_x86_64_STANDARD",
            "arn": "arn:aws:eks:us-east-1:665416441750:nodegroup/my_new_kubernetes/noeud1/62cd6cab-0628-5a94-b1ba-ca657c7d0076",
            "capacity_type": "ON_DEMAND",
            "cluster_name": "my_new_kubernetes",
            "disk_size": 20,
            "force_update_version": null,
            "id": "my_new_kubernetes:noeud1",
            "instance_types": [
              "t3.medium"
            ],
            "labels": null,
            "launch_template": [],
            "node_group_name": "noeud1",
            "node_group_name_prefix": "",
            "node_repair_config": [],
            "node_role_arn": "arn:aws:iam::665416441750:role/LabRole",
            "region": "us-east-1",
            "release_version": "1.30.14-20251120",
            "remote_access": [],
            "resources": [
              {
                "autoscaling_groups": [
                  {
                    "name": "eks-noeud1-62cd6cab-0628-5a94-b1ba-ca657c7d0076"
                  }
                ],
                "remote_access_security_group_id": ""
              }
            ],
            "scaling_config": [
              {
                "desired_size": 2,
                "max_size": 3,
                "min_size": 1
              }
            ],
            "status": "ACTIVE",
            "subnet_ids": [
              "subnet-088dc9ec627a525c4",
              "subnet-0a17c215f65b17b80"
            ],
            "tags": null,
            "tags_all": {},
            "taint": [],
            "timeouts": null,
            "update_config": [
              {
                "max_unavailable": 1,
                "max_unavailable_percentage": 0
              }
            ],
            "version": "1.30"
          },
          "sensitive_attributes": [],
          "identity_schema_version": 0,
          "private": "eyJlMmJmYjczMC1lY2FhLTExZTYtOGY4OC0zNDM2M2JjN2M0YzAiOnsiY3JlYXRlIjozNjAwMDAwMDAwMDAwLCJkZWxldGUiOjM2MDAwMDAwMDAwMDAsInVwZGF0ZSI6MzYwMDAwMDAwMDAwMH19",
          "dependencies": [
            "aws_eks_cluster.my_cluster",
            "aws_security_group.eks_cluster_sg"
          ]
        }
      ]
    },
    {
      "mode": "managed",
      "type": "aws_security_group",
      "name": "eks_cluster_sg",
      "provider": "provider[\"registry.terraform.io/hashicorp/aws\"]",
      "instances": [
        {
          "schema_version": 1,
          "attributes": {
            "arn": "arn:aws:ec2:us-east-1:665416441750:security-group/sg-0241371c1680dfcb9",
            "description": "Security group for EKS cluster my_new_kubernetes",
            "egress": [
              {
                "cidr_blocks": [
                  "0.0.0.0/0"
                ],
                "description": "",
                "from_port": 0,
                "ipv6_cidr_blocks": [],
                "prefix_list_ids": [],
                "protocol": "-1",
                "security_groups": [],
                "self": false,
                "to_port": 0
              }
            ],
            "id": "sg-0241371c1680dfcb9",
            "ingress": [
              {
                "cidr_blocks": [
                  "0.0.0.0/0"
                ],
                "description": "",
                "from_port": 30000,
                "ipv6_cidr_blocks": [],
                "prefix_list_ids": [],
                "protocol": "tcp",
                "security_groups": [],
                "self": false,
                "to_port": 30000
              },
              {
                "cidr_blocks": [
                  "0.0.0.0/0"
                ],
                "description": "",
                "from_port": 8083,
                "ipv6_cidr_blocks": [],
                "prefix_list_ids": [],
                "protocol": "tcp",
                "security_groups": [],
                "self": false,
                "to_port": 8083
              }
            ],
            "name": "eks-cluster-sg-my_new_kubernetes",
            "name_prefix": "",
            "owner_id": "665416441750",
            "region": "us-east-1",
            "revoke_rules_on_delete": false,
            "tags": {
              "Name": "eks-cluster-sg-my_new_kubernetes"
            },
            "tags_all": {
              "Name": "eks-cluster-sg-my_new_kubernetes"
            },
            "timeouts": null,
            "vpc_id": "vpc-089e1434497448ec4"
          },
          "sensitive_attributes": [],
          "identity_schema_version": 0,
          "identity": {
            "account_id": "665416441750",
            "id": "sg-0241371c1680dfcb9",
            "region": "us-east-1"
          },
          "private": "eyJlMmJmYjczMC1lY2FhLTExZTYtOGY4OC0zNDM2M2JjN2M0YzAiOnsiY3JlYXRlIjo2MDAwMDAwMDAwMDAsImRlbGV0ZSI6OTAwMDAwMDAwMDAwfSwic2NoZW1hX3ZlcnNpb24iOiIxIn0="
        }
      ]
    },
    {
      "mode": "managed",
      "type": "aws_security_group",
      "name": "eks_worker_sg",
      "provider": "provider[\"registry.terraform.io/hashicorp/aws\"]",
      "instances": [
        {
          "schema_version": 1,
          "attributes": {
            "arn": "arn:aws:ec2:us-east-1:665416441750:security-group/sg-07b5122a45084f998",
            "description": "Security group for EKS worker nodes my_new_kubernetes",
            "egress": [
              {
                "cidr_blocks": [
                  "0.0.0.0/0"
                ],
                "description": "",
                "from_port": 0,
                "ipv6_cidr_blocks": [],
                "prefix_list_ids": [],
                "protocol": "-1",
                "security_groups": [],
                "self": false,
                "to_port": 0
              }
            ],
            "id": "sg-07b5122a45084f998",
            "ingress": [
              {
                "cidr_blocks": [
                  "0.0.0.0/0"
                ],
                "description": "",
                "from_port": 30000,
                "ipv6_cidr_blocks": [],
                "prefix_list_ids": [],
                "protocol": "tcp",
                "security_groups": [],
                "self": false,
                "to_port": 30000
              },
              {
                "cidr_blocks": [
                  "0.0.0.0/0"
                ],
                "description": "",
                "from_port": 8083,
                "ipv6_cidr_blocks": [],
                "prefix_list_ids": [],
                "protocol": "tcp",
                "security_groups": [],
                "self": false,
                "to_port": 8083
              }
            ],
            "name": "eks-worker-sg-my_new_kubernetes",
            "name_prefix": "",
            "owner_id": "665416441750",
            "region": "us-east-1",
            "revoke_rules_on_delete": false,
            "tags": {
              "Name": "eks-worker-sg-my_new_kubernetes"
            },
            "tags_all": {
              "Name": "eks-worker-sg-my_new_kubernetes"
            },
            "timeouts": null,
            "vpc_id": "vpc-089e1434497448ec4"
          },
          "sensitive_attributes": [],
          "identity_schema_version": 0,
          "identity": {
            "account_id": "665416441750",
            "id": "sg-07b5122a45084f998",
            "region": "us-east-1"
          },
          "private": "eyJlMmJmYjczMC1lY2FhLTExZTYtOGY4OC0zNDM2M2JjN2M0YzAiOnsiY3JlYXRlIjo2MDAwMDAwMDAwMDAsImRlbGV0ZSI6OTAwMDAwMDAwMDAwfSwic2NoZW1hX3ZlcnNpb24iOiIxIn0="
        }
      ]
    },
    {
      "mode": "managed",
      "type": "aws_vpc",
      "name": "my_vpc",
      "provider": "provider[\"registry.terraform.io/hashicorp/aws\"]",
      "instances": [
        {
          "schema_version": 1,
          "attributes": {
            "arn": "arn:aws:ec2:us-east-1:665416441750:vpc/vpc-09e7e08e0195efa84",
            "assign_generated_ipv6_cidr_block": false,
            "cidr_block": "172.31.0.0/16",
            "default_network_acl_id": "acl-0b57aa704a6fb9ac9",
            "default_route_table_id": "rtb-0497215a053409516",
            "default_security_group_id": "sg-07efcbc68302bb631",
            "dhcp_options_id": "dopt-0921f208ec5b3774f",
            "enable_dns_hostnames": false,
            "enable_dns_support": true,
            "enable_network_address_usage_metrics": false,
            "id": "vpc-09e7e08e0195efa84",
            "instance_tenancy": "default",
            "ipv4_ipam_pool_id": null,
            "ipv4_netmask_length": null,
            "ipv6_association_id": "",
            "ipv6_cidr_block": "",
            "ipv6_cidr_block_network_border_group": "",
            "ipv6_ipam_pool_id": "",
            "ipv6_netmask_length": 0,
            "main_route_table_id": "rtb-0497215a053409516",
            "owner_id": "665416441750",
            "region": "us-east-1",
            "tags": {},
            "tags_all": {}
          },
          "sensitive_attributes": [],
          "identity_schema_version": 0,
          "identity": {
            "account_id": "665416441750",
            "id": "vpc-09e7e08e0195efa84",
            "region": "us-east-1"
          },
          "private": "eyJzY2hlbWFfdmVyc2lvbiI6IjEifQ=="
        }
      ]
    }
  ],
  "check_results": null
}
